
Microsoft Visual Studio Solution File, Format Version 12.00
# Visual Studio 2013
VisualStudioVersion = 12.0.31101.0
MinimumVisualStudioVersion = 10.0.40219.1
Project("{FAE04EC0-301F-11D3-BF4B-00C04F79EFBC}") = "KinectSandbox", "KinectSandbox\KinectSandbox.csproj", "{12E6F3B1-3427-4DA0-A1D4-AC124CFE0B60}"
EndProject
Project("{FAE04EC0-301F-11D3-BF4B-00C04F79EFBC}") = "KinectSandbox.Common", "KinectSandbox.Common\KinectSandbox.Common.csproj", "{24A034EC-966A-4E35-AE15-FB4C9B3BA530}"
EndProject
Project("{FAE04EC0-301F-11D3-BF4B-00C04F79EFBC}") = "Prism.ViewModel", "Prism.ViewModel\Prism.ViewModel.csproj", "{8E44D354-99E1-47E9-8DE8-B7971192A6F5}"
EndProject
Project("{FAE04EC0-301F-11D3-BF4B-00C04F79EFBC}") = "KinectSandbox.Capture", "KinectSandbox.Capture\KinectSandbox.Capture.csproj", "{E4AC946A-87A0-4891-B48D-873EE7EBF8E7}"
EndProject
Global
	GlobalSection(SolutionConfigurationPlatforms) = preSolution
		Debug|Any CPU = Debug|Any CPU
		Release|Any CPU = Release|Any CPU
	EndGlobalSection
	GlobalSection(ProjectConfigurationPlatforms) = postSolution
		{12E6F3B1-3427-4DA0-A1D4-AC124CFE0B60}.Debug|Any CPU.ActiveCfg = Debug|Any CPU
		{12E6F3B1-3427-4DA0-A1D4-AC124CFE0B60}.Debug|Any CPU.Build.0 = Debug|Any CPU
		{12E6F3B1-3427-4DA0-A1D4-AC124CFE0B60}.Release|Any CPU.ActiveCfg = Release|Any CPU
		{12E6F3B1-3427-4DA0-A1D4-AC124CFE0B60}.Release|Any CPU.Build.0 = Release|Any CPU
		{24A034EC-966A-4E35-AE15-FB4C9B3BA530}.Debug|Any CPU.ActiveCfg = Debug|Any CPU
		{24A034EC-966A-4E35-AE15-FB4C9B3BA530}.Debug|Any CPU.Build.0 = Debug|Any CPU
		{24A034EC-966A-4E35-AE15-FB4C9B3BA530}.Release|Any CPU.ActiveCfg = Release|Any CPU
		{24A034EC-966A-4E35-AE15-FB4C9B3BA530}.Release|Any CPU.Build.0 = Release|Any CPU
		{8E44D354-99E1-47E9-8DE8-B7971192A6F5}.Debug|Any CPU.ActiveCfg = Debug|Any CPU
		{8E44D354-99E1-47E9-8DE8-B7971192A6F5}.Debug|Any CPU.Build.0 = Debug|Any CPU
		{8E44D354-99E1-47E9-8DE8-B7971192A6F5}.Release|Any CPU.ActiveCfg = Release|Any CPU
		{8E44D354-99E1-47E9-8DE8-B7971192A6F5}.Release|Any CPU.Build.0 = Release|Any CPU
		{E4AC946A-87A0-4891-B48D-873EE7EBF8E7}.Debug|Any CPU.ActiveCfg = Debug|Any CPU
		{E4AC946A-87A0-4891-B48D-873EE7EBF8E7}.Debug|Any CPU.Build.0 = Debug|Any CPU
		{E4AC946A-87A0-4891-B48D-873EE7EBF8E7}.Release|Any CPU.ActiveCfg = Release|Any CPU
		{E4AC946A-87A0-4891-B48D-873EE7EBF8E7}.Release|Any CPU.Build.0 = Release|Any CPU
	EndGlobalSection
	GlobalSection(SolutionProperties) = preSolution
		HideSolutionNode = FALSE
	EndGlobalSection
EndGlobal
