
Microsoft Visual Studio Solution File, Format Version 12.00
# Visual Studio 14
VisualStudioVersion = 14.0.23107.0
MinimumVisualStudioVersion = 10.0.40219.1
Project("{FAE04EC0-301F-11D3-BF4B-00C04F79EFBC}") = "KinectSandbox", "KinectSandbox\KinectSandbox.csproj", "{12E6F3B1-3427-4DA0-A1D4-AC124CFE0B60}"
EndProject
Project("{FAE04EC0-301F-11D3-BF4B-00C04F79EFBC}") = "KinectSandbox.Common", "KinectSandbox.Common\KinectSandbox.Common.csproj", "{24A034EC-966A-4E35-AE15-FB4C9B3BA530}"
EndProject
Project("{FAE04EC0-301F-11D3-BF4B-00C04F79EFBC}") = "KinectSandbox.Capture", "KinectSandbox.Capture\KinectSandbox.Capture.csproj", "{E4AC946A-87A0-4891-B48D-873EE7EBF8E7}"
EndProject
Project("{FAE04EC0-301F-11D3-BF4B-00C04F79EFBC}") = "KinectSandbox.ColorPicker", "KinectSandbox.ColorPicker\KinectSandbox.ColorPicker.csproj", "{A20F769D-F24C-4FC2-B61A-8C982C510982}"
EndProject
Project("{2150E333-8FDC-42A3-9474-1A3956D46DE8}") = "Solution Items", "Solution Items", "{4F395CE4-9E79-4B08-8B72-8DDBFFE0E661}"
	ProjectSection(SolutionItems) = preProject
		Performance1.psess = Performance1.psess
	EndProjectSection
EndProject
Project("{FAE04EC0-301F-11D3-BF4B-00C04F79EFBC}") = "KinectSandbox.Universal", "KinectSandbox.Universal\KinectSandbox.Universal.csproj", "{B5A4AA32-FB0A-4429-B4ED-23B8D3177DC3}"
EndProject
Global
	GlobalSection(Performance) = preSolution
		HasPerformanceSessions = true
	EndGlobalSection
	GlobalSection(SolutionConfigurationPlatforms) = preSolution
		Debug|Any CPU = Debug|Any CPU
		Debug|ARM = Debug|ARM
		Debug|x64 = Debug|x64
		Debug|x86 = Debug|x86
		Release|Any CPU = Release|Any CPU
		Release|ARM = Release|ARM
		Release|x64 = Release|x64
		Release|x86 = Release|x86
	EndGlobalSection
	GlobalSection(ProjectConfigurationPlatforms) = postSolution
		{12E6F3B1-3427-4DA0-A1D4-AC124CFE0B60}.Debug|Any CPU.ActiveCfg = Debug|Any CPU
		{12E6F3B1-3427-4DA0-A1D4-AC124CFE0B60}.Debug|Any CPU.Build.0 = Debug|Any CPU
		{12E6F3B1-3427-4DA0-A1D4-AC124CFE0B60}.Debug|ARM.ActiveCfg = Debug|Any CPU
		{12E6F3B1-3427-4DA0-A1D4-AC124CFE0B60}.Debug|ARM.Build.0 = Debug|Any CPU
		{12E6F3B1-3427-4DA0-A1D4-AC124CFE0B60}.Debug|x64.ActiveCfg = Debug|Any CPU
		{12E6F3B1-3427-4DA0-A1D4-AC124CFE0B60}.Debug|x64.Build.0 = Debug|Any CPU
		{12E6F3B1-3427-4DA0-A1D4-AC124CFE0B60}.Debug|x86.ActiveCfg = Debug|Any CPU
		{12E6F3B1-3427-4DA0-A1D4-AC124CFE0B60}.Debug|x86.Build.0 = Debug|Any CPU
		{12E6F3B1-3427-4DA0-A1D4-AC124CFE0B60}.Release|Any CPU.ActiveCfg = Release|Any CPU
		{12E6F3B1-3427-4DA0-A1D4-AC124CFE0B60}.Release|Any CPU.Build.0 = Release|Any CPU
		{12E6F3B1-3427-4DA0-A1D4-AC124CFE0B60}.Release|ARM.ActiveCfg = Release|Any CPU
		{12E6F3B1-3427-4DA0-A1D4-AC124CFE0B60}.Release|ARM.Build.0 = Release|Any CPU
		{12E6F3B1-3427-4DA0-A1D4-AC124CFE0B60}.Release|x64.ActiveCfg = Release|Any CPU
		{12E6F3B1-3427-4DA0-A1D4-AC124CFE0B60}.Release|x64.Build.0 = Release|Any CPU
		{12E6F3B1-3427-4DA0-A1D4-AC124CFE0B60}.Release|x86.ActiveCfg = Release|Any CPU
		{12E6F3B1-3427-4DA0-A1D4-AC124CFE0B60}.Release|x86.Build.0 = Release|Any CPU
		{24A034EC-966A-4E35-AE15-FB4C9B3BA530}.Debug|Any CPU.ActiveCfg = Debug|Any CPU
		{24A034EC-966A-4E35-AE15-FB4C9B3BA530}.Debug|Any CPU.Build.0 = Debug|Any CPU
		{24A034EC-966A-4E35-AE15-FB4C9B3BA530}.Debug|ARM.ActiveCfg = Debug|Any CPU
		{24A034EC-966A-4E35-AE15-FB4C9B3BA530}.Debug|ARM.Build.0 = Debug|Any CPU
		{24A034EC-966A-4E35-AE15-FB4C9B3BA530}.Debug|x64.ActiveCfg = Debug|Any CPU
		{24A034EC-966A-4E35-AE15-FB4C9B3BA530}.Debug|x64.Build.0 = Debug|Any CPU
		{24A034EC-966A-4E35-AE15-FB4C9B3BA530}.Debug|x86.ActiveCfg = Debug|Any CPU
		{24A034EC-966A-4E35-AE15-FB4C9B3BA530}.Debug|x86.Build.0 = Debug|Any CPU
		{24A034EC-966A-4E35-AE15-FB4C9B3BA530}.Release|Any CPU.ActiveCfg = Release|Any CPU
		{24A034EC-966A-4E35-AE15-FB4C9B3BA530}.Release|Any CPU.Build.0 = Release|Any CPU
		{24A034EC-966A-4E35-AE15-FB4C9B3BA530}.Release|ARM.ActiveCfg = Release|Any CPU
		{24A034EC-966A-4E35-AE15-FB4C9B3BA530}.Release|ARM.Build.0 = Release|Any CPU
		{24A034EC-966A-4E35-AE15-FB4C9B3BA530}.Release|x64.ActiveCfg = Release|Any CPU
		{24A034EC-966A-4E35-AE15-FB4C9B3BA530}.Release|x64.Build.0 = Release|Any CPU
		{24A034EC-966A-4E35-AE15-FB4C9B3BA530}.Release|x86.ActiveCfg = Release|Any CPU
		{24A034EC-966A-4E35-AE15-FB4C9B3BA530}.Release|x86.Build.0 = Release|Any CPU
		{E4AC946A-87A0-4891-B48D-873EE7EBF8E7}.Debug|Any CPU.ActiveCfg = Debug|Any CPU
		{E4AC946A-87A0-4891-B48D-873EE7EBF8E7}.Debug|Any CPU.Build.0 = Debug|Any CPU
		{E4AC946A-87A0-4891-B48D-873EE7EBF8E7}.Debug|ARM.ActiveCfg = Debug|Any CPU
		{E4AC946A-87A0-4891-B48D-873EE7EBF8E7}.Debug|ARM.Build.0 = Debug|Any CPU
		{E4AC946A-87A0-4891-B48D-873EE7EBF8E7}.Debug|x64.ActiveCfg = Debug|Any CPU
		{E4AC946A-87A0-4891-B48D-873EE7EBF8E7}.Debug|x64.Build.0 = Debug|Any CPU
		{E4AC946A-87A0-4891-B48D-873EE7EBF8E7}.Debug|x86.ActiveCfg = Debug|Any CPU
		{E4AC946A-87A0-4891-B48D-873EE7EBF8E7}.Debug|x86.Build.0 = Debug|Any CPU
		{E4AC946A-87A0-4891-B48D-873EE7EBF8E7}.Release|Any CPU.ActiveCfg = Release|Any CPU
		{E4AC946A-87A0-4891-B48D-873EE7EBF8E7}.Release|Any CPU.Build.0 = Release|Any CPU
		{E4AC946A-87A0-4891-B48D-873EE7EBF8E7}.Release|ARM.ActiveCfg = Release|Any CPU
		{E4AC946A-87A0-4891-B48D-873EE7EBF8E7}.Release|ARM.Build.0 = Release|Any CPU
		{E4AC946A-87A0-4891-B48D-873EE7EBF8E7}.Release|x64.ActiveCfg = Release|Any CPU
		{E4AC946A-87A0-4891-B48D-873EE7EBF8E7}.Release|x64.Build.0 = Release|Any CPU
		{E4AC946A-87A0-4891-B48D-873EE7EBF8E7}.Release|x86.ActiveCfg = Release|Any CPU
		{E4AC946A-87A0-4891-B48D-873EE7EBF8E7}.Release|x86.Build.0 = Release|Any CPU
		{A20F769D-F24C-4FC2-B61A-8C982C510982}.Debug|Any CPU.ActiveCfg = Debug|Any CPU
		{A20F769D-F24C-4FC2-B61A-8C982C510982}.Debug|Any CPU.Build.0 = Debug|Any CPU
		{A20F769D-F24C-4FC2-B61A-8C982C510982}.Debug|ARM.ActiveCfg = Debug|Any CPU
		{A20F769D-F24C-4FC2-B61A-8C982C510982}.Debug|ARM.Build.0 = Debug|Any CPU
		{A20F769D-F24C-4FC2-B61A-8C982C510982}.Debug|x64.ActiveCfg = Debug|Any CPU
		{A20F769D-F24C-4FC2-B61A-8C982C510982}.Debug|x64.Build.0 = Debug|Any CPU
		{A20F769D-F24C-4FC2-B61A-8C982C510982}.Debug|x86.ActiveCfg = Debug|Any CPU
		{A20F769D-F24C-4FC2-B61A-8C982C510982}.Debug|x86.Build.0 = Debug|Any CPU
		{A20F769D-F24C-4FC2-B61A-8C982C510982}.Release|Any CPU.ActiveCfg = Release|Any CPU
		{A20F769D-F24C-4FC2-B61A-8C982C510982}.Release|Any CPU.Build.0 = Release|Any CPU
		{A20F769D-F24C-4FC2-B61A-8C982C510982}.Release|ARM.ActiveCfg = Release|Any CPU
		{A20F769D-F24C-4FC2-B61A-8C982C510982}.Release|ARM.Build.0 = Release|Any CPU
		{A20F769D-F24C-4FC2-B61A-8C982C510982}.Release|x64.ActiveCfg = Release|Any CPU
		{A20F769D-F24C-4FC2-B61A-8C982C510982}.Release|x64.Build.0 = Release|Any CPU
		{A20F769D-F24C-4FC2-B61A-8C982C510982}.Release|x86.ActiveCfg = Release|Any CPU
		{A20F769D-F24C-4FC2-B61A-8C982C510982}.Release|x86.Build.0 = Release|Any CPU
		{B5A4AA32-FB0A-4429-B4ED-23B8D3177DC3}.Debug|Any CPU.ActiveCfg = Debug|x86
		{B5A4AA32-FB0A-4429-B4ED-23B8D3177DC3}.Debug|ARM.ActiveCfg = Debug|ARM
		{B5A4AA32-FB0A-4429-B4ED-23B8D3177DC3}.Debug|ARM.Build.0 = Debug|ARM
		{B5A4AA32-FB0A-4429-B4ED-23B8D3177DC3}.Debug|ARM.Deploy.0 = Debug|ARM
		{B5A4AA32-FB0A-4429-B4ED-23B8D3177DC3}.Debug|x64.ActiveCfg = Debug|x64
		{B5A4AA32-FB0A-4429-B4ED-23B8D3177DC3}.Debug|x64.Build.0 = Debug|x64
		{B5A4AA32-FB0A-4429-B4ED-23B8D3177DC3}.Debug|x64.Deploy.0 = Debug|x64
		{B5A4AA32-FB0A-4429-B4ED-23B8D3177DC3}.Debug|x86.ActiveCfg = Debug|x86
		{B5A4AA32-FB0A-4429-B4ED-23B8D3177DC3}.Debug|x86.Build.0 = Debug|x86
		{B5A4AA32-FB0A-4429-B4ED-23B8D3177DC3}.Debug|x86.Deploy.0 = Debug|x86
		{B5A4AA32-FB0A-4429-B4ED-23B8D3177DC3}.Release|Any CPU.ActiveCfg = Release|x86
		{B5A4AA32-FB0A-4429-B4ED-23B8D3177DC3}.Release|ARM.ActiveCfg = Release|ARM
		{B5A4AA32-FB0A-4429-B4ED-23B8D3177DC3}.Release|ARM.Build.0 = Release|ARM
		{B5A4AA32-FB0A-4429-B4ED-23B8D3177DC3}.Release|ARM.Deploy.0 = Release|ARM
		{B5A4AA32-FB0A-4429-B4ED-23B8D3177DC3}.Release|x64.ActiveCfg = Release|x64
		{B5A4AA32-FB0A-4429-B4ED-23B8D3177DC3}.Release|x64.Build.0 = Release|x64
		{B5A4AA32-FB0A-4429-B4ED-23B8D3177DC3}.Release|x64.Deploy.0 = Release|x64
		{B5A4AA32-FB0A-4429-B4ED-23B8D3177DC3}.Release|x86.ActiveCfg = Release|x86
		{B5A4AA32-FB0A-4429-B4ED-23B8D3177DC3}.Release|x86.Build.0 = Release|x86
		{B5A4AA32-FB0A-4429-B4ED-23B8D3177DC3}.Release|x86.Deploy.0 = Release|x86
	EndGlobalSection
	GlobalSection(SolutionProperties) = preSolution
		HideSolutionNode = FALSE
	EndGlobalSection
EndGlobal
